
Microsoft Visual Studio Solution File, Format Version 12.00
# Visual Studio 15
VisualStudioVersion = 15.0.28307.168
MinimumVisualStudioVersion = 10.0.40219.1
Project("{FAE04EC0-301F-11D3-BF4B-00C04F79EFBC}") = "internet_programciligi_proje", "internet_programciligi_proje\internet_programciligi_proje.csproj", "{6B2B4559-27F5-4D0A-ABBA-BB67EEDA0FB7}"
EndProject
Global
	GlobalSection(SolutionConfigurationPlatforms) = preSolution
		Debug|Any CPU = Debug|Any CPU
		Release|Any CPU = Release|Any CPU
	EndGlobalSection
	GlobalSection(ProjectConfigurationPlatforms) = postSolution
		{6B2B4559-27F5-4D0A-ABBA-BB67EEDA0FB7}.Debug|Any CPU.ActiveCfg = Debug|Any CPU
		{6B2B4559-27F5-4D0A-ABBA-BB67EEDA0FB7}.Debug|Any CPU.Build.0 = Debug|Any CPU
		{6B2B4559-27F5-4D0A-ABBA-BB67EEDA0FB7}.Release|Any CPU.ActiveCfg = Release|Any CPU
		{6B2B4559-27F5-4D0A-ABBA-BB67EEDA0FB7}.Release|Any CPU.Build.0 = Release|Any CPU
	EndGlobalSection
	GlobalSection(SolutionProperties) = preSolution
		HideSolutionNode = FALSE
	EndGlobalSection
	GlobalSection(ExtensibilityGlobals) = postSolution
		SolutionGuid = {22C8D7CF-59BB-4BFF-BABD-290A0B4FC239}
	EndGlobalSection
EndGlobal
